
Microsoft Visual Studio Solution File, Format Version 12.00
# Visual Studio Version 16
VisualStudioVersion = 16.0.29324.140
MinimumVisualStudioVersion = 10.0.40219.1
Project("{FAE04EC0-301F-11D3-BF4B-00C04F79EFBC}") = "ConsoleApp2", "ConsoleApp2\ConsoleApp2.csproj", "{B5F462A0-41FE-433C-B3A1-B2E12CB060A3}"
EndProject
Global
	GlobalSection(SolutionConfigurationPlatforms) = preSolution
		Debug|Any CPU = Debug|Any CPU
		Release|Any CPU = Release|Any CPU
	EndGlobalSection
	GlobalSection(ProjectConfigurationPlatforms) = postSolution
		{B5F462A0-41FE-433C-B3A1-B2E12CB060A3}.Debug|Any CPU.ActiveCfg = Debug|Any CPU
		{B5F462A0-41FE-433C-B3A1-B2E12CB060A3}.Debug|Any CPU.Build.0 = Debug|Any CPU
		{B5F462A0-41FE-433C-B3A1-B2E12CB060A3}.Release|Any CPU.ActiveCfg = Release|Any CPU
		{B5F462A0-41FE-433C-B3A1-B2E12CB060A3}.Release|Any CPU.Build.0 = Release|Any CPU
	EndGlobalSection
	GlobalSection(SolutionProperties) = preSolution
		HideSolutionNode = FALSE
	EndGlobalSection
	GlobalSection(ExtensibilityGlobals) = postSolution
		SolutionGuid = {1C5BADF8-6AE1-4EA6-BA51-05D4A933D4AC}
	EndGlobalSection
EndGlobal
